// !$*UTF8*$!
{
	archiveVersion = 1;
	classes = {
	};
	objectVersion = 55;
	objects = {

/* Begin PBXBuildFile section */
		AB6CEA7028A8CEF9009AEB7D /* AppDelegate.swift in Sources */ = {isa = PBXBuildFile; fileRef = AB6CEA6F28A8CEF9009AEB7D /* AppDelegate.swift */; };
		AB6CEA7228A8CEF9009AEB7D /* SceneDelegate.swift in Sources */ = {isa = PBXBuildFile; fileRef = AB6CEA7128A8CEF9009AEB7D /* SceneDelegate.swift */; };
		AB6CEA7428A8CEF9009AEB7D /* ViewController.swift in Sources */ = {isa = PBXBuildFile; fileRef = AB6CEA7328A8CEF9009AEB7D /* ViewController.swift */; };
		AB6CEA7728A8CEF9009AEB7D /* Main.storyboard in Resources */ = {isa = PBXBuildFile; fileRef = AB6CEA7528A8CEF9009AEB7D /* Main.storyboard */; };
		AB6CEA7928A8CEFB009AEB7D /* Assets.xcassets in Resources */ = {isa = PBXBuildFile; fileRef = AB6CEA7828A8CEFB009AEB7D /* Assets.xcassets */; };
		AB6CEA7C28A8CEFB009AEB7D /* LaunchScreen.storyboard in Resources */ = {isa = PBXBuildFile; fileRef = AB6CEA7A28A8CEFB009AEB7D /* LaunchScreen.storyboard */; };
		AB6CEA8728A8CEFB009AEB7D /* rock_paper_scissorsTests.swift in Sources */ = {isa = PBXBuildFile; fileRef = AB6CEA8628A8CEFB009AEB7D /* rock_paper_scissorsTests.swift */; };
		AB6CEA9128A8CEFB009AEB7D /* rock_paper_scissorsUITests.swift in Sources */ = {isa = PBXBuildFile; fileRef = AB6CEA9028A8CEFB009AEB7D /* rock_paper_scissorsUITests.swift */; };
		AB6CEA9328A8CEFB009AEB7D /* rock_paper_scissorsUITestsLaunchTests.swift in Sources */ = {isa = PBXBuildFile; fileRef = AB6CEA9228A8CEFB009AEB7D /* rock_paper_scissorsUITestsLaunchTests.swift */; };
/* End PBXBuildFile section */

/* Begin PBXContainerItemProxy section */
		AB6CEA8328A8CEFB009AEB7D /* PBXContainerItemProxy */ = {
			isa = PBXContainerItemProxy;
			containerPortal = AB6CEA6428A8CEF9009AEB7D /* Project object */;
			proxyType = 1;
			remoteGlobalIDString = AB6CEA6B28A8CEF9009AEB7D;
			remoteInfo = "rock-paper-scissors";
		};
		AB6CEA8D28A8CEFB009AEB7D /* PBXContainerItemProxy */ = {
			isa = PBXContainerItemProxy;
			containerPortal = AB6CEA6428A8CEF9009AEB7D /* Project object */;
			proxyType = 1;
			remoteGlobalIDString = AB6CEA6B28A8CEF9009AEB7D;
			remoteInfo = "rock-paper-scissors";
		};
/* End PBXContainerItemProxy section */

/* Begin PBXFileReference section */
		AB6CEA6C28A8CEF9009AEB7D /* rock-paper-scissors.app */ = {isa = PBXFileReference; explicitFileType = wrapper.application; includeInIndex = 0; path = "rock-paper-scissors.app"; sourceTree = BUILT_PRODUCTS_DIR; };
		AB6CEA6F28A8CEF9009AEB7D /* AppDelegate.swift */ = {isa = PBXFileReference; lastKnownFileType = sourcecode.swift; path = AppDelegate.swift; sourceTree = "<group>"; };
		AB6CEA7128A8CEF9009AEB7D /* SceneDelegate.swift */ = {isa = PBXFileReference; lastKnownFileType = sourcecode.swift; path = SceneDelegate.swift; sourceTree = "<group>"; };
		AB6CEA7328A8CEF9009AEB7D /* ViewController.swift */ = {isa = PBXFileReference; lastKnownFileType = sourcecode.swift; path = ViewController.swift; sourceTree = "<group>"; };
		AB6CEA7628A8CEF9009AEB7D /* Base */ = {isa = PBXFileReference; lastKnownFileType = file.storyboard; name = Base; path = Base.lproj/Main.storyboard; sourceTree = "<group>"; };
		AB6CEA7828A8CEFB009AEB7D /* Assets.xcassets */ = {isa = PBXFileReference; lastKnownFileType = folder.assetcatalog; path = Assets.xcassets; sourceTree = "<group>"; };
		AB6CEA7B28A8CEFB009AEB7D /* Base */ = {isa = PBXFileReference; lastKnownFileType = file.storyboard; name = Base; path = Base.lproj/LaunchScreen.storyboard; sourceTree = "<group>"; };
		AB6CEA7D28A8CEFB009AEB7D /* Info.plist */ = {isa = PBXFileReference; lastKnownFileType = text.plist.xml; path = Info.plist; sourceTree = "<group>"; };
		AB6CEA8228A8CEFB009AEB7D /* rock-paper-scissorsTests.xctest */ = {isa = PBXFileReference; explicitFileType = wrapper.cfbundle; includeInIndex = 0; path = "rock-paper-scissorsTests.xctest"; sourceTree = BUILT_PRODUCTS_DIR; };
		AB6CEA8628A8CEFB009AEB7D /* rock_paper_scissorsTests.swift */ = {isa = PBXFileReference; lastKnownFileType = sourcecode.swift; path = rock_paper_scissorsTests.swift; sourceTree = "<group>"; };
		AB6CEA8C28A8CEFB009AEB7D /* rock-paper-scissorsUITests.xctest */ = {isa = PBXFileReference; explicitFileType = wrapper.cfbundle; includeInIndex = 0; path = "rock-paper-scissorsUITests.xctest"; sourceTree = BUILT_PRODUCTS_DIR; };
		AB6CEA9028A8CEFB009AEB7D /* rock_paper_scissorsUITests.swift */ = {isa = PBXFileReference; lastKnownFileType = sourcecode.swift; path = rock_paper_scissorsUITests.swift; sourceTree = "<group>"; };
		AB6CEA9228A8CEFB009AEB7D /* rock_paper_scissorsUITestsLaunchTests.swift */ = {isa = PBXFileReference; lastKnownFileType = sourcecode.swift; path = rock_paper_scissorsUITestsLaunchTests.swift; sourceTree = "<group>"; };
/* End PBXFileReference section */

/* Begin PBXFrameworksBuildPhase section */
		AB6CEA6928A8CEF9009AEB7D /* Frameworks */ = {
			isa = PBXFrameworksBuildPhase;
			buildActionMask = 2147483647;
			files = (
			);
			runOnlyForDeploymentPostprocessing = 0;
		};
		AB6CEA7F28A8CEFB009AEB7D /* Frameworks */ = {
			isa = PBXFrameworksBuildPhase;
			buildActionMask = 2147483647;
			files = (
			);
			runOnlyForDeploymentPostprocessing = 0;
		};
		AB6CEA8928A8CEFB009AEB7D /* Frameworks */ = {
			isa = PBXFrameworksBuildPhase;
			buildActionMask = 2147483647;
			files = (
			);
			runOnlyForDeploymentPostprocessing = 0;
		};
/* End PBXFrameworksBuildPhase section */

/* Begin PBXGroup section */
		AB6CEA6328A8CEF9009AEB7D = {
			isa = PBXGroup;
			children = (
				AB6CEA6E28A8CEF9009AEB7D /* rock-paper-scissors */,
				AB6CEA8528A8CEFB009AEB7D /* rock-paper-scissorsTests */,
				AB6CEA8F28A8CEFB009AEB7D /* rock-paper-scissorsUITests */,
				AB6CEA6D28A8CEF9009AEB7D /* Products */,
			);
			sourceTree = "<group>";
		};
		AB6CEA6D28A8CEF9009AEB7D /* Products */ = {
			isa = PBXGroup;
			children = (
				AB6CEA6C28A8CEF9009AEB7D /* rock-paper-scissors.app */,
				AB6CEA8228A8CEFB009AEB7D /* rock-paper-scissorsTests.xctest */,
				AB6CEA8C28A8CEFB009AEB7D /* rock-paper-scissorsUITests.xctest */,
			);
			name = Products;
			sourceTree = "<group>";
		};
		AB6CEA6E28A8CEF9009AEB7D /* rock-paper-scissors */ = {
			isa = PBXGroup;
			children = (
				AB6CEA6F28A8CEF9009AEB7D /* AppDelegate.swift */,
				AB6CEA7128A8CEF9009AEB7D /* SceneDelegate.swift */,
				AB6CEA7328A8CEF9009AEB7D /* ViewController.swift */,
				AB6CEA7528A8CEF9009AEB7D /* Main.storyboard */,
				AB6CEA7828A8CEFB009AEB7D /* Assets.xcassets */,
				AB6CEA7A28A8CEFB009AEB7D /* LaunchScreen.storyboard */,
				AB6CEA7D28A8CEFB009AEB7D /* Info.plist */,
			);
			path = "rock-paper-scissors";
			sourceTree = "<group>";
		};
		AB6CEA8528A8CEFB009AEB7D /* rock-paper-scissorsTests */ = {
			isa = PBXGroup;
			children = (
				AB6CEA8628A8CEFB009AEB7D /* rock_paper_scissorsTests.swift */,
			);
			path = "rock-paper-scissorsTests";
			sourceTree = "<group>";
		};
		AB6CEA8F28A8CEFB009AEB7D /* rock-paper-scissorsUITests */ = {
			isa = PBXGroup;
			children = (
				AB6CEA9028A8CEFB009AEB7D /* rock_paper_scissorsUITests.swift */,
				AB6CEA9228A8CEFB009AEB7D /* rock_paper_scissorsUITestsLaunchTests.swift */,
			);
			path = "rock-paper-scissorsUITests";
			sourceTree = "<group>";
		};
/* End PBXGroup section */

/* Begin PBXNativeTarget section */
		AB6CEA6B28A8CEF9009AEB7D /* rock-paper-scissors */ = {
			isa = PBXNativeTarget;
			buildConfigurationList = AB6CEA9628A8CEFB009AEB7D /* Build configuration list for PBXNativeTarget "rock-paper-scissors" */;
			buildPhases = (
				AB6CEA6828A8CEF9009AEB7D /* Sources */,
				AB6CEA6928A8CEF9009AEB7D /* Frameworks */,
				AB6CEA6A28A8CEF9009AEB7D /* Resources */,
			);
			buildRules = (
			);
			dependencies = (
			);
			name = "rock-paper-scissors";
			productName = "rock-paper-scissors";
			productReference = AB6CEA6C28A8CEF9009AEB7D /* rock-paper-scissors.app */;
			productType = "com.apple.product-type.application";
		};
		AB6CEA8128A8CEFB009AEB7D /* rock-paper-scissorsTests */ = {
			isa = PBXNativeTarget;
			buildConfigurationList = AB6CEA9928A8CEFB009AEB7D /* Build configuration list for PBXNativeTarget "rock-paper-scissorsTests" */;
			buildPhases = (
				AB6CEA7E28A8CEFB009AEB7D /* Sources */,
				AB6CEA7F28A8CEFB009AEB7D /* Frameworks */,
				AB6CEA8028A8CEFB009AEB7D /* Resources */,
			);
			buildRules = (
			);
			dependencies = (
				AB6CEA8428A8CEFB009AEB7D /* PBXTargetDependency */,
			);
			name = "rock-paper-scissorsTests";
			productName = "rock-paper-scissorsTests";
			productReference = AB6CEA8228A8CEFB009AEB7D /* rock-paper-scissorsTests.xctest */;
			productType = "com.apple.product-type.bundle.unit-test";
		};
		AB6CEA8B28A8CEFB009AEB7D /* rock-paper-scissorsUITests */ = {
			isa = PBXNativeTarget;
			buildConfigurationList = AB6CEA9C28A8CEFB009AEB7D /* Build configuration list for PBXNativeTarget "rock-paper-scissorsUITests" */;
			buildPhases = (
				AB6CEA8828A8CEFB009AEB7D /* Sources */,
				AB6CEA8928A8CEFB009AEB7D /* Frameworks */,
				AB6CEA8A28A8CEFB009AEB7D /* Resources */,
			);
			buildRules = (
			);
			dependencies = (
				AB6CEA8E28A8CEFB009AEB7D /* PBXTargetDependency */,
			);
			name = "rock-paper-scissorsUITests";
			productName = "rock-paper-scissorsUITests";
			productReference = AB6CEA8C28A8CEFB009AEB7D /* rock-paper-scissorsUITests.xctest */;
			productType = "com.apple.product-type.bundle.ui-testing";
		};
/* End PBXNativeTarget section */

/* Begin PBXProject section */
		AB6CEA6428A8CEF9009AEB7D /* Project object */ = {
			isa = PBXProject;
			attributes = {
				BuildIndependentTargetsInParallel = 1;
				LastSwiftUpdateCheck = 1340;
				LastUpgradeCheck = 1340;
				TargetAttributes = {
					AB6CEA6B28A8CEF9009AEB7D = {
						CreatedOnToolsVersion = 13.4.1;
					};
					AB6CEA8128A8CEFB009AEB7D = {
						CreatedOnToolsVersion = 13.4.1;
						TestTargetID = AB6CEA6B28A8CEF9009AEB7D;
					};
					AB6CEA8B28A8CEFB009AEB7D = {
						CreatedOnToolsVersion = 13.4.1;
						TestTargetID = AB6CEA6B28A8CEF9009AEB7D;
					};
				};
			};
			buildConfigurationList = AB6CEA6728A8CEF9009AEB7D /* Build configuration list for PBXProject "rock-paper-scissors" */;
			compatibilityVersion = "Xcode 13.0";
			developmentRegion = en;
			hasScannedForEncodings = 0;
			knownRegions = (
				en,
				Base,
			);
			mainGroup = AB6CEA6328A8CEF9009AEB7D;
			productRefGroup = AB6CEA6D28A8CEF9009AEB7D /* Products */;
			projectDirPath = "";
			projectRoot = "";
			targets = (
				AB6CEA6B28A8CEF9009AEB7D /* rock-paper-scissors */,
				AB6CEA8128A8CEFB009AEB7D /* rock-paper-scissorsTests */,
				AB6CEA8B28A8CEFB009AEB7D /* rock-paper-scissorsUITests */,
			);
		};
/* End PBXProject section */

/* Begin PBXResourcesBuildPhase section */
		AB6CEA6A28A8CEF9009AEB7D /* Resources */ = {
			isa = PBXResourcesBuildPhase;
			buildActionMask = 2147483647;
			files = (
				AB6CEA7C28A8CEFB009AEB7D /* LaunchScreen.storyboard in Resources */,
				AB6CEA7928A8CEFB009AEB7D /* Assets.xcassets in Resources */,
				AB6CEA7728A8CEF9009AEB7D /* Main.storyboard in Resources */,
			);
			runOnlyForDeploymentPostprocessing = 0;
		};
		AB6CEA8028A8CEFB009AEB7D /* Resources */ = {
			isa = PBXResourcesBuildPhase;
			buildActionMask = 2147483647;
			files = (
			);
			runOnlyForDeploymentPostprocessing = 0;
		};
		AB6CEA8A28A8CEFB009AEB7D /* Resources */ = {
			isa = PBXResourcesBuildPhase;
			buildActionMask = 2147483647;
			files = (
			);
			runOnlyForDeploymentPostprocessing = 0;
		};
/* End PBXResourcesBuildPhase section */

/* Begin PBXSourcesBuildPhase section */
		AB6CEA6828A8CEF9009AEB7D /* Sources */ = {
			isa = PBXSourcesBuildPhase;
			buildActionMask = 2147483647;
			files = (
				AB6CEA7428A8CEF9009AEB7D /* ViewController.swift in Sources */,
				AB6CEA7028A8CEF9009AEB7D /* AppDelegate.swift in Sources */,
				AB6CEA7228A8CEF9009AEB7D /* SceneDelegate.swift in Sources */,
			);
			runOnlyForDeploymentPostprocessing = 0;
		};
		AB6CEA7E28A8CEFB009AEB7D /* Sources */ = {
			isa = PBXSourcesBuildPhase;
			buildActionMask = 2147483647;
			files = (
				AB6CEA8728A8CEFB009AEB7D /* rock_paper_scissorsTests.swift in Sources */,
			);
			runOnlyForDeploymentPostprocessing = 0;
		};
		AB6CEA8828A8CEFB009AEB7D /* Sources */ = {
			isa = PBXSourcesBuildPhase;
			buildActionMask = 2147483647;
			files = (
				AB6CEA9128A8CEFB009AEB7D /* rock_paper_scissorsUITests.swift in Sources */,
				AB6CEA9328A8CEFB009AEB7D /* rock_paper_scissorsUITestsLaunchTests.swift in Sources */,
			);
			runOnlyForDeploymentPostprocessing = 0;
		};
/* End PBXSourcesBuildPhase section */

/* Begin PBXTargetDependency section */
		AB6CEA8428A8CEFB009AEB7D /* PBXTargetDependency */ = {
			isa = PBXTargetDependency;
			target = AB6CEA6B28A8CEF9009AEB7D /* rock-paper-scissors */;
			targetProxy = AB6CEA8328A8CEFB009AEB7D /* PBXContainerItemProxy */;
		};
		AB6CEA8E28A8CEFB009AEB7D /* PBXTargetDependency */ = {
			isa = PBXTargetDependency;
			target = AB6CEA6B28A8CEF9009AEB7D /* rock-paper-scissors */;
			targetProxy = AB6CEA8D28A8CEFB009AEB7D /* PBXContainerItemProxy */;
		};
/* End PBXTargetDependency section */

/* Begin PBXVariantGroup section */
		AB6CEA7528A8CEF9009AEB7D /* Main.storyboard */ = {
			isa = PBXVariantGroup;
			children = (
				AB6CEA7628A8CEF9009AEB7D /* Base */,
			);
			name = Main.storyboard;
			sourceTree = "<group>";
		};
		AB6CEA7A28A8CEFB009AEB7D /* LaunchScreen.storyboard */ = {
			isa = PBXVariantGroup;
			children = (
				AB6CEA7B28A8CEFB009AEB7D /* Base */,
			);
			name = LaunchScreen.storyboard;
			sourceTree = "<group>";
		};
/* End PBXVariantGroup section */

/* Begin XCBuildConfiguration section */
		AB6CEA9428A8CEFB009AEB7D /* Debug */ = {
			isa = XCBuildConfiguration;
			buildSettings = {
				ALWAYS_SEARCH_USER_PATHS = NO;
				CLANG_ANALYZER_NONNULL = YES;
				CLANG_ANALYZER_NUMBER_OBJECT_CONVERSION = YES_AGGRESSIVE;
				CLANG_CXX_LANGUAGE_STANDARD = "gnu++17";
				CLANG_ENABLE_MODULES = YES;
				CLANG_ENABLE_OBJC_ARC = YES;
				CLANG_ENABLE_OBJC_WEAK = YES;
				CLANG_WARN_BLOCK_CAPTURE_AUTORELEASING = YES;
				CLANG_WARN_BOOL_CONVERSION = YES;
				CLANG_WARN_COMMA = YES;
				CLANG_WARN_CONSTANT_CONVERSION = YES;
				CLANG_WARN_DEPRECATED_OBJC_IMPLEMENTATIONS = YES;
				CLANG_WARN_DIRECT_OBJC_ISA_USAGE = YES_ERROR;
				CLANG_WARN_DOCUMENTATION_COMMENTS = YES;
				CLANG_WARN_EMPTY_BODY = YES;
				CLANG_WARN_ENUM_CONVERSION = YES;
				CLANG_WARN_INFINITE_RECURSION = YES;
				CLANG_WARN_INT_CONVERSION = YES;
				CLANG_WARN_NON_LITERAL_NULL_CONVERSION = YES;
				CLANG_WARN_OBJC_IMPLICIT_RETAIN_SELF = YES;
				CLANG_WARN_OBJC_LITERAL_CONVERSION = YES;
				CLANG_WARN_OBJC_ROOT_CLASS = YES_ERROR;
				CLANG_WARN_QUOTED_INCLUDE_IN_FRAMEWORK_HEADER = YES;
				CLANG_WARN_RANGE_LOOP_ANALYSIS = YES;
				CLANG_WARN_STRICT_PROTOTYPES = YES;
				CLANG_WARN_SUSPICIOUS_MOVE = YES;
				CLANG_WARN_UNGUARDED_AVAILABILITY = YES_AGGRESSIVE;
				CLANG_WARN_UNREACHABLE_CODE = YES;
				CLANG_WARN__DUPLICATE_METHOD_MATCH = YES;
				COPY_PHASE_STRIP = NO;
				DEBUG_INFORMATION_FORMAT = dwarf;
				ENABLE_STRICT_OBJC_MSGSEND = YES;
				ENABLE_TESTABILITY = YES;
				GCC_C_LANGUAGE_STANDARD = gnu11;
				GCC_DYNAMIC_NO_PIC = NO;
				GCC_NO_COMMON_BLOCKS = YES;
				GCC_OPTIMIZATION_LEVEL = 0;
				GCC_PREPROCESSOR_DEFINITIONS = (
					"DEBUG=1",
					"$(inherited)",
				);
				GCC_WARN_64_TO_32_BIT_CONVERSION = YES;
				GCC_WARN_ABOUT_RETURN_TYPE = YES_ERROR;
				GCC_WARN_UNDECLARED_SELECTOR = YES;
				GCC_WARN_UNINITIALIZED_AUTOS = YES_AGGRESSIVE;
				GCC_WARN_UNUSED_FUNCTION = YES;
				GCC_WARN_UNUSED_VARIABLE = YES;
				IPHONEOS_DEPLOYMENT_TARGET = 15.5;
				MTL_ENABLE_DEBUG_INFO = INCLUDE_SOURCE;
				MTL_FAST_MATH = YES;
				ONLY_ACTIVE_ARCH = YES;
				SDKROOT = iphoneos;
				SWIFT_ACTIVE_COMPILATION_CONDITIONS = DEBUG;
				SWIFT_OPTIMIZATION_LEVEL = "-Onone";
			};
			name = Debug;
		};
		AB6CEA9528A8CEFB009AEB7D /* Release */ = {
			isa = XCBuildConfiguration;
			buildSettings = {
				ALWAYS_SEARCH_USER_PATHS = NO;
				CLANG_ANALYZER_NONNULL = YES;
				CLANG_ANALYZER_NUMBER_OBJECT_CONVERSION = YES_AGGRESSIVE;
				CLANG_CXX_LANGUAGE_STANDARD = "gnu++17";
				CLANG_ENABLE_MODULES = YES;
				CLANG_ENABLE_OBJC_ARC = YES;
				CLANG_ENABLE_OBJC_WEAK = YES;
				CLANG_WARN_BLOCK_CAPTURE_AUTORELEASING = YES;
				CLANG_WARN_BOOL_CONVERSION = YES;
				CLANG_WARN_COMMA = YES;
				CLANG_WARN_CONSTANT_CONVERSION = YES;
				CLANG_WARN_DEPRECATED_OBJC_IMPLEMENTATIONS = YES;
				CLANG_WARN_DIRECT_OBJC_ISA_USAGE = YES_ERROR;
				CLANG_WARN_DOCUMENTATION_COMMENTS = YES;
				CLANG_WARN_EMPTY_BODY = YES;
				CLANG_WARN_ENUM_CONVERSION = YES;
				CLANG_WARN_INFINITE_RECURSION = YES;
				CLANG_WARN_INT_CONVERSION = YES;
				CLANG_WARN_NON_LITERAL_NULL_CONVERSION = YES;
				CLANG_WARN_OBJC_IMPLICIT_RETAIN_SELF = YES;
				CLANG_WARN_OBJC_LITERAL_CONVERSION = YES;
				CLANG_WARN_OBJC_ROOT_CLASS = YES_ERROR;
				CLANG_WARN_QUOTED_INCLUDE_IN_FRAMEWORK_HEADER = YES;
				CLANG_WARN_RANGE_LOOP_ANALYSIS = YES;
				CLANG_WARN_STRICT_PROTOTYPES = YES;
				CLANG_WARN_SUSPICIOUS_MOVE = YES;
				CLANG_WARN_UNGUARDED_AVAILABILITY = YES_AGGRESSIVE;
				CLANG_WARN_UNREACHABLE_CODE = YES;
				CLANG_WARN__DUPLICATE_METHOD_MATCH = YES;
				COPY_PHASE_STRIP = NO;
				DEBUG_INFORMATION_FORMAT = "dwarf-with-dsym";
				ENABLE_NS_ASSERTIONS = NO;
				ENABLE_STRICT_OBJC_MSGSEND = YES;
				GCC_C_LANGUAGE_STANDARD = gnu11;
				GCC_NO_COMMON_BLOCKS = YES;
				GCC_WARN_64_TO_32_BIT_CONVERSION = YES;
				GCC_WARN_ABOUT_RETURN_TYPE = YES_ERROR;
				GCC_WARN_UNDECLARED_SELECTOR = YES;
				GCC_WARN_UNINITIALIZED_AUTOS = YES_AGGRESSIVE;
				GCC_WARN_UNUSED_FUNCTION = YES;
				GCC_WARN_UNUSED_VARIABLE = YES;
				IPHONEOS_DEPLOYMENT_TARGET = 15.5;
				MTL_ENABLE_DEBUG_INFO = NO;
				MTL_FAST_MATH = YES;
				SDKROOT = iphoneos;
				SWIFT_COMPILATION_MODE = wholemodule;
				SWIFT_OPTIMIZATION_LEVEL = "-O";
				VALIDATE_PRODUCT = YES;
			};
			name = Release;
		};
		AB6CEA9728A8CEFB009AEB7D /* Debug */ = {
			isa = XCBuildConfiguration;
			buildSettings = {
				ASSETCATALOG_COMPILER_APPICON_NAME = AppIcon;
				ASSETCATALOG_COMPILER_GLOBAL_ACCENT_COLOR_NAME = AccentColor;
				CODE_SIGN_STYLE = Automatic;
				CURRENT_PROJECT_VERSION = 1;
				GENERATE_INFOPLIST_FILE = YES;
				INFOPLIST_FILE = "rock-paper-scissors/Info.plist";
				INFOPLIST_KEY_UIApplicationSupportsIndirectInputEvents = YES;
				INFOPLIST_KEY_UILaunchStoryboardName = LaunchScreen;
				INFOPLIST_KEY_UIMainStoryboardFile = Main;
				INFOPLIST_KEY_UISupportedInterfaceOrientations_iPad = "UIInterfaceOrientationPortrait UIInterfaceOrientationPortraitUpsideDown UIInterfaceOrientationLandscapeLeft UIInterfaceOrientationLandscapeRight";
				INFOPLIST_KEY_UISupportedInterfaceOrientations_iPhone = "UIInterfaceOrientationPortrait UIInterfaceOrientationLandscapeLeft UIInterfaceOrientationLandscapeRight";
				LD_RUNPATH_SEARCH_PATHS = (
					"$(inherited)",
					"@executable_path/Frameworks",
				);
				MARKETING_VERSION = 1.0;
				PRODUCT_BUNDLE_IDENTIFIER = "asimcanyagiz.rock-paper-scissors";
				PRODUCT_NAME = "$(TARGET_NAME)";
				SWIFT_EMIT_LOC_STRINGS = YES;
				SWIFT_VERSION = 5.0;
				TARGETED_DEVICE_FAMILY = "1,2";
			};
			name = Debug;
		};
		AB6CEA9828A8CEFB009AEB7D /* Release */ = {
			isa = XCBuildConfiguration;
			buildSettings = {
				ASSETCATALOG_COMPILER_APPICON_NAME = AppIcon;
				ASSETCATALOG_COMPILER_GLOBAL_ACCENT_COLOR_NAME = AccentColor;
				CODE_SIGN_STYLE = Automatic;
				CURRENT_PROJECT_VERSION = 1;
				GENERATE_INFOPLIST_FILE = YES;
				INFOPLIST_FILE = "rock-paper-scissors/Info.plist";
				INFOPLIST_KEY_UIApplicationSupportsIndirectInputEvents = YES;
				INFOPLIST_KEY_UILaunchStoryboardName = LaunchScreen;
				INFOPLIST_KEY_UIMainStoryboardFile = Main;
				INFOPLIST_KEY_UISupportedInterfaceOrientations_iPad = "UIInterfaceOrientationPortrait UIInterfaceOrientationPortraitUpsideDown UIInterfaceOrientationLandscapeLeft UIInterfaceOrientationLandscapeRight";
				INFOPLIST_KEY_UISupportedInterfaceOrientations_iPhone = "UIInterfaceOrientationPortrait UIInterfaceOrientationLandscapeLeft UIInterfaceOrientationLandscapeRight";
				LD_RUNPATH_SEARCH_PATHS = (
					"$(inherited)",
					"@executable_path/Frameworks",
				);
				MARKETING_VERSION = 1.0;
				PRODUCT_BUNDLE_IDENTIFIER = "asimcanyagiz.rock-paper-scissors";
				PRODUCT_NAME = "$(TARGET_NAME)";
				SWIFT_EMIT_LOC_STRINGS = YES;
				SWIFT_VERSION = 5.0;
				TARGETED_DEVICE_FAMILY = "1,2";
			};
			name = Release;
		};
		AB6CEA9A28A8CEFB009AEB7D /* Debug */ = {
			isa = XCBuildConfiguration;
			buildSettings = {
				ALWAYS_EMBED_SWIFT_STANDARD_LIBRARIES = YES;
				BUNDLE_LOADER = "$(TEST_HOST)";
				CODE_SIGN_STYLE = Automatic;
				CURRENT_PROJECT_VERSION = 1;
				GENERATE_INFOPLIST_FILE = YES;
				IPHONEOS_DEPLOYMENT_TARGET = 15.5;
				MARKETING_VERSION = 1.0;
				PRODUCT_BUNDLE_IDENTIFIER = "asimcanyagiz.rock-paper-scissorsTests";
				PRODUCT_NAME = "$(TARGET_NAME)";
				SWIFT_EMIT_LOC_STRINGS = NO;
				SWIFT_VERSION = 5.0;
				TARGETED_DEVICE_FAMILY = "1,2";
				TEST_HOST = "$(BUILT_PRODUCTS_DIR)/rock-paper-scissors.app/rock-paper-scissors";
			};
			name = Debug;
		};
		AB6CEA9B28A8CEFB009AEB7D /* Release */ = {
			isa = XCBuildConfiguration;
			buildSettings = {
				ALWAYS_EMBED_SWIFT_STANDARD_LIBRARIES = YES;
				BUNDLE_LOADER = "$(TEST_HOST)";
				CODE_SIGN_STYLE = Automatic;
				CURRENT_PROJECT_VERSION = 1;
				GENERATE_INFOPLIST_FILE = YES;
				IPHONEOS_DEPLOYMENT_TARGET = 15.5;
				MARKETING_VERSION = 1.0;
				PRODUCT_BUNDLE_IDENTIFIER = "asimcanyagiz.rock-paper-scissorsTests";
				PRODUCT_NAME = "$(TARGET_NAME)";
				SWIFT_EMIT_LOC_STRINGS = NO;
				SWIFT_VERSION = 5.0;
				TARGETED_DEVICE_FAMILY = "1,2";
				TEST_HOST = "$(BUILT_PRODUCTS_DIR)/rock-paper-scissors.app/rock-paper-scissors";
			};
			name = Release;
		};
		AB6CEA9D28A8CEFB009AEB7D /* Debug */ = {
			isa = XCBuildConfiguration;
			buildSettings = {
				ALWAYS_EMBED_SWIFT_STANDARD_LIBRARIES = YES;
				CODE_SIGN_STYLE = Automatic;
				CURRENT_PROJECT_VERSION = 1;
				GENERATE_INFOPLIST_FILE = YES;
				MARKETING_VERSION = 1.0;
				PRODUCT_BUNDLE_IDENTIFIER = "asimcanyagiz.rock-paper-scissorsUITests";
				PRODUCT_NAME = "$(TARGET_NAME)";
				SWIFT_EMIT_LOC_STRINGS = NO;
				SWIFT_VERSION = 5.0;
				TARGETED_DEVICE_FAMILY = "1,2";
				TEST_TARGET_NAME = "rock-paper-scissors";
			};
			name = Debug;
		};
		AB6CEA9E28A8CEFB009AEB7D /* Release */ = {
			isa = XCBuildConfiguration;
			buildSettings = {
				ALWAYS_EMBED_SWIFT_STANDARD_LIBRARIES = YES;
				CODE_SIGN_STYLE = Automatic;
				CURRENT_PROJECT_VERSION = 1;
				GENERATE_INFOPLIST_FILE = YES;
				MARKETING_VERSION = 1.0;
				PRODUCT_BUNDLE_IDENTIFIER = "asimcanyagiz.rock-paper-scissorsUITests";
				PRODUCT_NAME = "$(TARGET_NAME)";
				SWIFT_EMIT_LOC_STRINGS = NO;
				SWIFT_VERSION = 5.0;
				TARGETED_DEVICE_FAMILY = "1,2";
				TEST_TARGET_NAME = "rock-paper-scissors";
			};
			name = Release;
		};
/* End XCBuildConfiguration section */

/* Begin XCConfigurationList section */
		AB6CEA6728A8CEF9009AEB7D /* Build configuration list for PBXProject "rock-paper-scissors" */ = {
			isa = XCConfigurationList;
			buildConfigurations = (
				AB6CEA9428A8CEFB009AEB7D /* Debug */,
				AB6CEA9528A8CEFB009AEB7D /* Release */,
			);
			defaultConfigurationIsVisible = 0;
			defaultConfigurationName = Release;
		};
		AB6CEA9628A8CEFB009AEB7D /* Build configuration list for PBXNativeTarget "rock-paper-scissors" */ = {
			isa = XCConfigurationList;
			buildConfigurations = (
				AB6CEA9728A8CEFB009AEB7D /* Debug */,
				AB6CEA9828A8CEFB009AEB7D /* Release */,
			);
			defaultConfigurationIsVisible = 0;
			defaultConfigurationName = Release;
		};
		AB6CEA9928A8CEFB009AEB7D /* Build configuration list for PBXNativeTarget "rock-paper-scissorsTests" */ = {
			isa = XCConfigurationList;
			buildConfigurations = (
				AB6CEA9A28A8CEFB009AEB7D /* Debug */,
				AB6CEA9B28A8CEFB009AEB7D /* Release */,
			);
			defaultConfigurationIsVisible = 0;
			defaultConfigurationName = Release;
		};
		AB6CEA9C28A8CEFB009AEB7D /* Build configuration list for PBXNativeTarget "rock-paper-scissorsUITests" */ = {
			isa = XCConfigurationList;
			buildConfigurations = (
				AB6CEA9D28A8CEFB009AEB7D /* Debug */,
				AB6CEA9E28A8CEFB009AEB7D /* Release */,
			);
			defaultConfigurationIsVisible = 0;
			defaultConfigurationName = Release;
		};
/* End XCConfigurationList section */
	};
	rootObject = AB6CEA6428A8CEF9009AEB7D /* Project object */;
}
